
Microsoft Visual Studio Solution File, Format Version 12.00
# Visual Studio 15
VisualStudioVersion = 15.0.28010.2046
MinimumVisualStudioVersion = 10.0.40219.1
Project("{FAE04EC0-301F-11D3-BF4B-00C04F79EFBC}") = "SD-Save-Manager", "SD-Save-Manager\SD-Save-Manager.csproj", "{4692A6FF-3C50-4D19-8EF2-58A9546D74F2}"
EndProject
Global
	GlobalSection(SolutionConfigurationPlatforms) = preSolution
		Debug|Any CPU = Debug|Any CPU
		Release|Any CPU = Release|Any CPU
	EndGlobalSection
	GlobalSection(ProjectConfigurationPlatforms) = postSolution
		{4692A6FF-3C50-4D19-8EF2-58A9546D74F2}.Debug|Any CPU.ActiveCfg = Debug|Any CPU
		{4692A6FF-3C50-4D19-8EF2-58A9546D74F2}.Debug|Any CPU.Build.0 = Debug|Any CPU
		{4692A6FF-3C50-4D19-8EF2-58A9546D74F2}.Release|Any CPU.ActiveCfg = Release|Any CPU
		{4692A6FF-3C50-4D19-8EF2-58A9546D74F2}.Release|Any CPU.Build.0 = Release|Any CPU
	EndGlobalSection
	GlobalSection(SolutionProperties) = preSolution
		HideSolutionNode = FALSE
	EndGlobalSection
	GlobalSection(ExtensibilityGlobals) = postSolution
		SolutionGuid = {8CC313E8-387D-4ACA-9603-DF8544C63782}
	EndGlobalSection
EndGlobal
